
Microsoft Visual Studio Solution File, Format Version 12.00
# Visual Studio Version 17
VisualStudioVersion = 17.13.35828.75 d17.13
MinimumVisualStudioVersion = 10.0.40219.1
Project("{FAE04EC0-301F-11D3-BF4B-00C04F79EFBC}") = "Iheritancetoo", "Iheritancetoo.csproj", "{B2114BC3-B2B1-4E4A-8085-B1FF3A52FE52}"
EndProject
Project("{FAE04EC0-301F-11D3-BF4B-00C04F79EFBC}") = "CLassTypes", "..\CLassTypes\CLassTypes.csproj", "{8DD1ED3F-6A74-49A5-B2C6-680917C4360A}"
EndProject
Global
	GlobalSection(SolutionConfigurationPlatforms) = preSolution
		Debug|Any CPU = Debug|Any CPU
		Release|Any CPU = Release|Any CPU
	EndGlobalSection
	GlobalSection(ProjectConfigurationPlatforms) = postSolution
		{B2114BC3-B2B1-4E4A-8085-B1FF3A52FE52}.Debug|Any CPU.ActiveCfg = Debug|Any CPU
		{B2114BC3-B2B1-4E4A-8085-B1FF3A52FE52}.Debug|Any CPU.Build.0 = Debug|Any CPU
		{B2114BC3-B2B1-4E4A-8085-B1FF3A52FE52}.Release|Any CPU.ActiveCfg = Release|Any CPU
		{B2114BC3-B2B1-4E4A-8085-B1FF3A52FE52}.Release|Any CPU.Build.0 = Release|Any CPU
		{8DD1ED3F-6A74-49A5-B2C6-680917C4360A}.Debug|Any CPU.ActiveCfg = Debug|Any CPU
		{8DD1ED3F-6A74-49A5-B2C6-680917C4360A}.Debug|Any CPU.Build.0 = Debug|Any CPU
		{8DD1ED3F-6A74-49A5-B2C6-680917C4360A}.Release|Any CPU.ActiveCfg = Release|Any CPU
		{8DD1ED3F-6A74-49A5-B2C6-680917C4360A}.Release|Any CPU.Build.0 = Release|Any CPU
	EndGlobalSection
	GlobalSection(SolutionProperties) = preSolution
		HideSolutionNode = FALSE
	EndGlobalSection
	GlobalSection(ExtensibilityGlobals) = postSolution
		SolutionGuid = {3C7F153F-D57E-4F30-B471-832192D137A5}
	EndGlobalSection
EndGlobal
